
Microsoft Visual Studio Solution File, Format Version 12.00
# Visual Studio 15
Project("{FAE04EC0-301F-11D3-BF4B-00C04F79EFBC}") = "Assembly-CSharp", "Assembly-CSharp.csproj", "{6DC9E140-BC08-CB79-C5C7-BC26F06DC8D7}"
EndProject
Global
	GlobalSection(SolutionConfigurationPlatforms) = preSolution
		Debug|Any CPU = Debug|Any CPU
		Release|Any CPU = Release|Any CPU
	EndGlobalSection
	GlobalSection(ProjectConfigurationPlatforms) = postSolution
		{6DC9E140-BC08-CB79-C5C7-BC26F06DC8D7}.Debug|Any CPU.ActiveCfg = Debug|Any CPU
		{6DC9E140-BC08-CB79-C5C7-BC26F06DC8D7}.Debug|Any CPU.Build.0 = Debug|Any CPU
		{6DC9E140-BC08-CB79-C5C7-BC26F06DC8D7}.Release|Any CPU.ActiveCfg = Release|Any CPU
		{6DC9E140-BC08-CB79-C5C7-BC26F06DC8D7}.Release|Any CPU.Build.0 = Release|Any CPU
	EndGlobalSection
	GlobalSection(SolutionProperties) = preSolution
		HideSolutionNode = FALSE
	EndGlobalSection
EndGlobal
